
Microsoft Visual Studio Solution File, Format Version 12.00
# Visual Studio Version 16
VisualStudioVersion = 16.0.29020.237
MinimumVisualStudioVersion = 10.0.40219.1
Project("{FAE04EC0-301F-11D3-BF4B-00C04F79EFBC}") = "HW04", "HW04\HW04.csproj", "{61829C01-4525-41F8-AD80-180146CF72DF}"
EndProject
Project("{FAE04EC0-301F-11D3-BF4B-00C04F79EFBC}") = "B.1.1A", "B.1.A\B.1.1A.csproj", "{B6536F84-7B04-4375-A1EC-0E9B05C11CE8}"
EndProject
Project("{FAE04EC0-301F-11D3-BF4B-00C04F79EFBC}") = "B1.1B", "B1.1B\B1.1B.csproj", "{FA729A1B-CAE5-43EF-912E-99B48D628D1A}"
EndProject
Project("{FAE04EC0-301F-11D3-BF4B-00C04F79EFBC}") = "B.1.1C", "B.1.1C\B.1.1C.csproj", "{B1B785DB-C68D-4BFD-A08E-9EB17B46BFBF}"
EndProject
Project("{FAE04EC0-301F-11D3-BF4B-00C04F79EFBC}") = "c.6,7,8a,8b,9a,9b,9c,9d,9e", "c.6\c.6,7,8a,8b,9a,9b,9c,9d,9e.csproj", "{5D278364-60D7-48D9-9D15-43F5EE910FE1}"
EndProject
Project("{FAE04EC0-301F-11D3-BF4B-00C04F79EFBC}") = "A", "A\A.csproj", "{E27AC446-870B-4056-8036-70483763538B}"
EndProject
Project("{FAE04EC0-301F-11D3-BF4B-00C04F79EFBC}") = "B", "B\B.csproj", "{C21A592B-EC7A-4F9E-8E34-0FE16A874A91}"
EndProject
Project("{FAE04EC0-301F-11D3-BF4B-00C04F79EFBC}") = "C", "C\C.csproj", "{116E0BF5-E902-4C77-9CE8-291F0510C1F0}"
EndProject
Project("{FAE04EC0-301F-11D3-BF4B-00C04F79EFBC}") = "B.1.2", "B.1.2\B.1.2.csproj", "{7B56FBC0-E705-46A9-8D71-EF874D66CF3C}"
EndProject
Project("{FAE04EC0-301F-11D3-BF4B-00C04F79EFBC}") = "B.2.3A", "B.2.3A\B.2.3A.csproj", "{EFFB5060-B712-4194-BE15-A846E2CE8E28}"
EndProject
Project("{FAE04EC0-301F-11D3-BF4B-00C04F79EFBC}") = "B.2.3B", "B.2.3B\B.2.3B.csproj", "{A706AB25-D083-4AF0-B017-A8D59EE9A198}"
EndProject
Project("{FAE04EC0-301F-11D3-BF4B-00C04F79EFBC}") = "B.2.3C", "B.2.3C\B.2.3C.csproj", "{9263503D-15EF-4978-A6BE-65E743348A30}"
EndProject
Project("{FAE04EC0-301F-11D3-BF4B-00C04F79EFBC}") = "B.2.4A", "B.2.4A\B.2.4A.csproj", "{42240A81-FBD9-4B13-8980-FF17D37FEBC5}"
EndProject
Project("{FAE04EC0-301F-11D3-BF4B-00C04F79EFBC}") = "B.2.4B", "B.2.4B\B.2.4B.csproj", "{F12767ED-6E5C-4D2B-A1B3-3506F94643DD}"
EndProject
Project("{FAE04EC0-301F-11D3-BF4B-00C04F79EFBC}") = "B.2.4C", "B.2.4C\B.2.4C.csproj", "{A542EDB8-920A-4CD8-B572-759FE9EC7234}"
EndProject
Project("{FAE04EC0-301F-11D3-BF4B-00C04F79EFBC}") = "B.2.4D", "B.2.4D\B.2.4D.csproj", "{A8C2C54B-AA8A-4CCC-8D69-606373EBD56C}"
EndProject
Project("{FAE04EC0-301F-11D3-BF4B-00C04F79EFBC}") = "C.9 F", "C.9 F\C.9 F.csproj", "{05F0953C-229B-429A-BBE9-EDC7B69C8996}"
EndProject
Project("{FAE04EC0-301F-11D3-BF4B-00C04F79EFBC}") = "B.2.5a", "B.2.5a\B.2.5a.csproj", "{A6FEA3DC-CB45-42E2-B82A-1BEB71816155}"
EndProject
Project("{FAE04EC0-301F-11D3-BF4B-00C04F79EFBC}") = "B.2.5b", "B.2.5b\B.2.5b.csproj", "{EB3EFBAF-62BD-4FD1-8A09-A07ED4FD3874}"
EndProject
Project("{FAE04EC0-301F-11D3-BF4B-00C04F79EFBC}") = "B.2.5c", "B.2.5c\B.2.5c.csproj", "{38230829-6181-45C8-AFB9-E745F766B84C}"
EndProject
Global
	GlobalSection(SolutionConfigurationPlatforms) = preSolution
		Debug|Any CPU = Debug|Any CPU
		Release|Any CPU = Release|Any CPU
	EndGlobalSection
	GlobalSection(ProjectConfigurationPlatforms) = postSolution
		{61829C01-4525-41F8-AD80-180146CF72DF}.Debug|Any CPU.ActiveCfg = Debug|Any CPU
		{61829C01-4525-41F8-AD80-180146CF72DF}.Debug|Any CPU.Build.0 = Debug|Any CPU
		{61829C01-4525-41F8-AD80-180146CF72DF}.Release|Any CPU.ActiveCfg = Release|Any CPU
		{61829C01-4525-41F8-AD80-180146CF72DF}.Release|Any CPU.Build.0 = Release|Any CPU
		{B6536F84-7B04-4375-A1EC-0E9B05C11CE8}.Debug|Any CPU.ActiveCfg = Debug|Any CPU
		{B6536F84-7B04-4375-A1EC-0E9B05C11CE8}.Debug|Any CPU.Build.0 = Debug|Any CPU
		{B6536F84-7B04-4375-A1EC-0E9B05C11CE8}.Release|Any CPU.ActiveCfg = Release|Any CPU
		{B6536F84-7B04-4375-A1EC-0E9B05C11CE8}.Release|Any CPU.Build.0 = Release|Any CPU
		{FA729A1B-CAE5-43EF-912E-99B48D628D1A}.Debug|Any CPU.ActiveCfg = Debug|Any CPU
		{FA729A1B-CAE5-43EF-912E-99B48D628D1A}.Debug|Any CPU.Build.0 = Debug|Any CPU
		{FA729A1B-CAE5-43EF-912E-99B48D628D1A}.Release|Any CPU.ActiveCfg = Release|Any CPU
		{FA729A1B-CAE5-43EF-912E-99B48D628D1A}.Release|Any CPU.Build.0 = Release|Any CPU
		{B1B785DB-C68D-4BFD-A08E-9EB17B46BFBF}.Debug|Any CPU.ActiveCfg = Debug|Any CPU
		{B1B785DB-C68D-4BFD-A08E-9EB17B46BFBF}.Debug|Any CPU.Build.0 = Debug|Any CPU
		{B1B785DB-C68D-4BFD-A08E-9EB17B46BFBF}.Release|Any CPU.ActiveCfg = Release|Any CPU
		{B1B785DB-C68D-4BFD-A08E-9EB17B46BFBF}.Release|Any CPU.Build.0 = Release|Any CPU
		{5D278364-60D7-48D9-9D15-43F5EE910FE1}.Debug|Any CPU.ActiveCfg = Debug|Any CPU
		{5D278364-60D7-48D9-9D15-43F5EE910FE1}.Debug|Any CPU.Build.0 = Debug|Any CPU
		{5D278364-60D7-48D9-9D15-43F5EE910FE1}.Release|Any CPU.ActiveCfg = Release|Any CPU
		{5D278364-60D7-48D9-9D15-43F5EE910FE1}.Release|Any CPU.Build.0 = Release|Any CPU
		{E27AC446-870B-4056-8036-70483763538B}.Debug|Any CPU.ActiveCfg = Debug|Any CPU
		{E27AC446-870B-4056-8036-70483763538B}.Debug|Any CPU.Build.0 = Debug|Any CPU
		{E27AC446-870B-4056-8036-70483763538B}.Release|Any CPU.ActiveCfg = Release|Any CPU
		{E27AC446-870B-4056-8036-70483763538B}.Release|Any CPU.Build.0 = Release|Any CPU
		{C21A592B-EC7A-4F9E-8E34-0FE16A874A91}.Debug|Any CPU.ActiveCfg = Debug|Any CPU
		{C21A592B-EC7A-4F9E-8E34-0FE16A874A91}.Debug|Any CPU.Build.0 = Debug|Any CPU
		{C21A592B-EC7A-4F9E-8E34-0FE16A874A91}.Release|Any CPU.ActiveCfg = Release|Any CPU
		{C21A592B-EC7A-4F9E-8E34-0FE16A874A91}.Release|Any CPU.Build.0 = Release|Any CPU
		{116E0BF5-E902-4C77-9CE8-291F0510C1F0}.Debug|Any CPU.ActiveCfg = Debug|Any CPU
		{116E0BF5-E902-4C77-9CE8-291F0510C1F0}.Debug|Any CPU.Build.0 = Debug|Any CPU
		{116E0BF5-E902-4C77-9CE8-291F0510C1F0}.Release|Any CPU.ActiveCfg = Release|Any CPU
		{116E0BF5-E902-4C77-9CE8-291F0510C1F0}.Release|Any CPU.Build.0 = Release|Any CPU
		{7B56FBC0-E705-46A9-8D71-EF874D66CF3C}.Debug|Any CPU.ActiveCfg = Debug|Any CPU
		{7B56FBC0-E705-46A9-8D71-EF874D66CF3C}.Debug|Any CPU.Build.0 = Debug|Any CPU
		{7B56FBC0-E705-46A9-8D71-EF874D66CF3C}.Release|Any CPU.ActiveCfg = Release|Any CPU
		{7B56FBC0-E705-46A9-8D71-EF874D66CF3C}.Release|Any CPU.Build.0 = Release|Any CPU
		{EFFB5060-B712-4194-BE15-A846E2CE8E28}.Debug|Any CPU.ActiveCfg = Debug|Any CPU
		{EFFB5060-B712-4194-BE15-A846E2CE8E28}.Debug|Any CPU.Build.0 = Debug|Any CPU
		{EFFB5060-B712-4194-BE15-A846E2CE8E28}.Release|Any CPU.ActiveCfg = Release|Any CPU
		{EFFB5060-B712-4194-BE15-A846E2CE8E28}.Release|Any CPU.Build.0 = Release|Any CPU
		{A706AB25-D083-4AF0-B017-A8D59EE9A198}.Debug|Any CPU.ActiveCfg = Debug|Any CPU
		{A706AB25-D083-4AF0-B017-A8D59EE9A198}.Debug|Any CPU.Build.0 = Debug|Any CPU
		{A706AB25-D083-4AF0-B017-A8D59EE9A198}.Release|Any CPU.ActiveCfg = Release|Any CPU
		{A706AB25-D083-4AF0-B017-A8D59EE9A198}.Release|Any CPU.Build.0 = Release|Any CPU
		{9263503D-15EF-4978-A6BE-65E743348A30}.Debug|Any CPU.ActiveCfg = Debug|Any CPU
		{9263503D-15EF-4978-A6BE-65E743348A30}.Debug|Any CPU.Build.0 = Debug|Any CPU
		{9263503D-15EF-4978-A6BE-65E743348A30}.Release|Any CPU.ActiveCfg = Release|Any CPU
		{9263503D-15EF-4978-A6BE-65E743348A30}.Release|Any CPU.Build.0 = Release|Any CPU
		{42240A81-FBD9-4B13-8980-FF17D37FEBC5}.Debug|Any CPU.ActiveCfg = Debug|Any CPU
		{42240A81-FBD9-4B13-8980-FF17D37FEBC5}.Debug|Any CPU.Build.0 = Debug|Any CPU
		{42240A81-FBD9-4B13-8980-FF17D37FEBC5}.Release|Any CPU.ActiveCfg = Release|Any CPU
		{42240A81-FBD9-4B13-8980-FF17D37FEBC5}.Release|Any CPU.Build.0 = Release|Any CPU
		{F12767ED-6E5C-4D2B-A1B3-3506F94643DD}.Debug|Any CPU.ActiveCfg = Debug|Any CPU
		{F12767ED-6E5C-4D2B-A1B3-3506F94643DD}.Debug|Any CPU.Build.0 = Debug|Any CPU
		{F12767ED-6E5C-4D2B-A1B3-3506F94643DD}.Release|Any CPU.ActiveCfg = Release|Any CPU
		{F12767ED-6E5C-4D2B-A1B3-3506F94643DD}.Release|Any CPU.Build.0 = Release|Any CPU
		{A542EDB8-920A-4CD8-B572-759FE9EC7234}.Debug|Any CPU.ActiveCfg = Debug|Any CPU
		{A542EDB8-920A-4CD8-B572-759FE9EC7234}.Debug|Any CPU.Build.0 = Debug|Any CPU
		{A542EDB8-920A-4CD8-B572-759FE9EC7234}.Release|Any CPU.ActiveCfg = Release|Any CPU
		{A542EDB8-920A-4CD8-B572-759FE9EC7234}.Release|Any CPU.Build.0 = Release|Any CPU
		{A8C2C54B-AA8A-4CCC-8D69-606373EBD56C}.Debug|Any CPU.ActiveCfg = Debug|Any CPU
		{A8C2C54B-AA8A-4CCC-8D69-606373EBD56C}.Debug|Any CPU.Build.0 = Debug|Any CPU
		{A8C2C54B-AA8A-4CCC-8D69-606373EBD56C}.Release|Any CPU.ActiveCfg = Release|Any CPU
		{A8C2C54B-AA8A-4CCC-8D69-606373EBD56C}.Release|Any CPU.Build.0 = Release|Any CPU
		{05F0953C-229B-429A-BBE9-EDC7B69C8996}.Debug|Any CPU.ActiveCfg = Debug|Any CPU
		{05F0953C-229B-429A-BBE9-EDC7B69C8996}.Debug|Any CPU.Build.0 = Debug|Any CPU
		{05F0953C-229B-429A-BBE9-EDC7B69C8996}.Release|Any CPU.ActiveCfg = Release|Any CPU
		{05F0953C-229B-429A-BBE9-EDC7B69C8996}.Release|Any CPU.Build.0 = Release|Any CPU
		{A6FEA3DC-CB45-42E2-B82A-1BEB71816155}.Debug|Any CPU.ActiveCfg = Debug|Any CPU
		{A6FEA3DC-CB45-42E2-B82A-1BEB71816155}.Debug|Any CPU.Build.0 = Debug|Any CPU
		{A6FEA3DC-CB45-42E2-B82A-1BEB71816155}.Release|Any CPU.ActiveCfg = Release|Any CPU
		{A6FEA3DC-CB45-42E2-B82A-1BEB71816155}.Release|Any CPU.Build.0 = Release|Any CPU
		{EB3EFBAF-62BD-4FD1-8A09-A07ED4FD3874}.Debug|Any CPU.ActiveCfg = Debug|Any CPU
		{EB3EFBAF-62BD-4FD1-8A09-A07ED4FD3874}.Debug|Any CPU.Build.0 = Debug|Any CPU
		{EB3EFBAF-62BD-4FD1-8A09-A07ED4FD3874}.Release|Any CPU.ActiveCfg = Release|Any CPU
		{EB3EFBAF-62BD-4FD1-8A09-A07ED4FD3874}.Release|Any CPU.Build.0 = Release|Any CPU
		{38230829-6181-45C8-AFB9-E745F766B84C}.Debug|Any CPU.ActiveCfg = Debug|Any CPU
		{38230829-6181-45C8-AFB9-E745F766B84C}.Debug|Any CPU.Build.0 = Debug|Any CPU
		{38230829-6181-45C8-AFB9-E745F766B84C}.Release|Any CPU.ActiveCfg = Release|Any CPU
		{38230829-6181-45C8-AFB9-E745F766B84C}.Release|Any CPU.Build.0 = Release|Any CPU
	EndGlobalSection
	GlobalSection(SolutionProperties) = preSolution
		HideSolutionNode = FALSE
	EndGlobalSection
	GlobalSection(ExtensibilityGlobals) = postSolution
		SolutionGuid = {7FC30469-8116-4C6F-A4D5-F3D6973F2720}
	EndGlobalSection
EndGlobal
