
Microsoft Visual Studio Solution File, Format Version 12.00
# Visual Studio Version 16
VisualStudioVersion = 16.0.29020.237
MinimumVisualStudioVersion = 10.0.40219.1
Project("{FAE04EC0-301F-11D3-BF4B-00C04F79EFBC}") = "HW03", "HW03\HW03.csproj", "{10C66EB5-EDE6-406C-9FCD-59B86A3A72CA}"
EndProject
Project("{FAE04EC0-301F-11D3-BF4B-00C04F79EFBC}") = "B1", "B1\B1.csproj", "{DBC9A3AA-46B4-42E4-BFFD-706E4E812F8C}"
EndProject
Project("{FAE04EC0-301F-11D3-BF4B-00C04F79EFBC}") = "B2", "B2\B2.csproj", "{88842F6F-1A7E-4766-9CEA-DD87E6D44273}"
EndProject
Project("{FAE04EC0-301F-11D3-BF4B-00C04F79EFBC}") = "B3", "B3\B3.csproj", "{F5FAB142-8663-49F3-9615-C79EE9D6B7F6}"
EndProject
Project("{FAE04EC0-301F-11D3-BF4B-00C04F79EFBC}") = "B4", "B4\B4.csproj", "{2B382074-245C-4085-B29B-7807B634A451}"
EndProject
Project("{FAE04EC0-301F-11D3-BF4B-00C04F79EFBC}") = "B5", "B5\B5.csproj", "{5A771899-2B36-4898-9D67-ED6873B2A5A1}"
EndProject
Project("{FAE04EC0-301F-11D3-BF4B-00C04F79EFBC}") = "B6", "B6\B6.csproj", "{A04A00A5-91D1-4720-A5B8-FB50630E024C}"
EndProject
Project("{FAE04EC0-301F-11D3-BF4B-00C04F79EFBC}") = "B7", "B7\B7.csproj", "{D055E9DA-F00D-4308-BE6A-6AA1EF06A068}"
EndProject
Project("{FAE04EC0-301F-11D3-BF4B-00C04F79EFBC}") = "B8", "B8\B8.csproj", "{2705F4D2-D0F1-4D58-A325-DDFDF38DC630}"
EndProject
Project("{FAE04EC0-301F-11D3-BF4B-00C04F79EFBC}") = "B9", "B9\B9.csproj", "{E28F34C3-CDAD-4B37-B814-F36D66CFDA7A}"
EndProject
Project("{FAE04EC0-301F-11D3-BF4B-00C04F79EFBC}") = "C.10", "C.10\C.10.csproj", "{0F0E691B-BC01-4572-9A77-E83F7B82311D}"
EndProject
Project("{FAE04EC0-301F-11D3-BF4B-00C04F79EFBC}") = "C.11", "C.11\C.11.csproj", "{03DEBF65-B7C8-4A2A-BC65-6B3AAC4C62EF}"
EndProject
Project("{FAE04EC0-301F-11D3-BF4B-00C04F79EFBC}") = "C12", "C12\C12.csproj", "{DCDE9DDC-F23D-4C4F-9E09-4236F4B350C6}"
EndProject
Project("{FAE04EC0-301F-11D3-BF4B-00C04F79EFBC}") = "C.14", "C.14\C.14.csproj", "{08BEAE0B-0FEF-4D03-BD55-9FAC1D5D507B}"
EndProject
Project("{FAE04EC0-301F-11D3-BF4B-00C04F79EFBC}") = "C15", "C15\C15.csproj", "{0C74B02A-1963-44E8-9AA6-9F3CDFF7BD3D}"
EndProject
Project("{FAE04EC0-301F-11D3-BF4B-00C04F79EFBC}") = "C16", "C16\C16.csproj", "{4A8ADF9F-EB39-4B97-82CC-DF2A8577FC30}"
EndProject
Project("{FAE04EC0-301F-11D3-BF4B-00C04F79EFBC}") = "C13", "C13\C13.csproj", "{190067C1-5A0B-4D82-ABB3-03ADF8AB5A01}"
EndProject
Global
	GlobalSection(SolutionConfigurationPlatforms) = preSolution
		Debug|Any CPU = Debug|Any CPU
		Release|Any CPU = Release|Any CPU
	EndGlobalSection
	GlobalSection(ProjectConfigurationPlatforms) = postSolution
		{10C66EB5-EDE6-406C-9FCD-59B86A3A72CA}.Debug|Any CPU.ActiveCfg = Debug|Any CPU
		{10C66EB5-EDE6-406C-9FCD-59B86A3A72CA}.Debug|Any CPU.Build.0 = Debug|Any CPU
		{10C66EB5-EDE6-406C-9FCD-59B86A3A72CA}.Release|Any CPU.ActiveCfg = Release|Any CPU
		{10C66EB5-EDE6-406C-9FCD-59B86A3A72CA}.Release|Any CPU.Build.0 = Release|Any CPU
		{DBC9A3AA-46B4-42E4-BFFD-706E4E812F8C}.Debug|Any CPU.ActiveCfg = Debug|Any CPU
		{DBC9A3AA-46B4-42E4-BFFD-706E4E812F8C}.Debug|Any CPU.Build.0 = Debug|Any CPU
		{DBC9A3AA-46B4-42E4-BFFD-706E4E812F8C}.Release|Any CPU.ActiveCfg = Release|Any CPU
		{DBC9A3AA-46B4-42E4-BFFD-706E4E812F8C}.Release|Any CPU.Build.0 = Release|Any CPU
		{88842F6F-1A7E-4766-9CEA-DD87E6D44273}.Debug|Any CPU.ActiveCfg = Debug|Any CPU
		{88842F6F-1A7E-4766-9CEA-DD87E6D44273}.Debug|Any CPU.Build.0 = Debug|Any CPU
		{88842F6F-1A7E-4766-9CEA-DD87E6D44273}.Release|Any CPU.ActiveCfg = Release|Any CPU
		{88842F6F-1A7E-4766-9CEA-DD87E6D44273}.Release|Any CPU.Build.0 = Release|Any CPU
		{F5FAB142-8663-49F3-9615-C79EE9D6B7F6}.Debug|Any CPU.ActiveCfg = Debug|Any CPU
		{F5FAB142-8663-49F3-9615-C79EE9D6B7F6}.Debug|Any CPU.Build.0 = Debug|Any CPU
		{F5FAB142-8663-49F3-9615-C79EE9D6B7F6}.Release|Any CPU.ActiveCfg = Release|Any CPU
		{F5FAB142-8663-49F3-9615-C79EE9D6B7F6}.Release|Any CPU.Build.0 = Release|Any CPU
		{2B382074-245C-4085-B29B-7807B634A451}.Debug|Any CPU.ActiveCfg = Debug|Any CPU
		{2B382074-245C-4085-B29B-7807B634A451}.Debug|Any CPU.Build.0 = Debug|Any CPU
		{2B382074-245C-4085-B29B-7807B634A451}.Release|Any CPU.ActiveCfg = Release|Any CPU
		{2B382074-245C-4085-B29B-7807B634A451}.Release|Any CPU.Build.0 = Release|Any CPU
		{5A771899-2B36-4898-9D67-ED6873B2A5A1}.Debug|Any CPU.ActiveCfg = Debug|Any CPU
		{5A771899-2B36-4898-9D67-ED6873B2A5A1}.Debug|Any CPU.Build.0 = Debug|Any CPU
		{5A771899-2B36-4898-9D67-ED6873B2A5A1}.Release|Any CPU.ActiveCfg = Release|Any CPU
		{5A771899-2B36-4898-9D67-ED6873B2A5A1}.Release|Any CPU.Build.0 = Release|Any CPU
		{A04A00A5-91D1-4720-A5B8-FB50630E024C}.Debug|Any CPU.ActiveCfg = Debug|Any CPU
		{A04A00A5-91D1-4720-A5B8-FB50630E024C}.Debug|Any CPU.Build.0 = Debug|Any CPU
		{A04A00A5-91D1-4720-A5B8-FB50630E024C}.Release|Any CPU.ActiveCfg = Release|Any CPU
		{A04A00A5-91D1-4720-A5B8-FB50630E024C}.Release|Any CPU.Build.0 = Release|Any CPU
		{D055E9DA-F00D-4308-BE6A-6AA1EF06A068}.Debug|Any CPU.ActiveCfg = Debug|Any CPU
		{D055E9DA-F00D-4308-BE6A-6AA1EF06A068}.Debug|Any CPU.Build.0 = Debug|Any CPU
		{D055E9DA-F00D-4308-BE6A-6AA1EF06A068}.Release|Any CPU.ActiveCfg = Release|Any CPU
		{D055E9DA-F00D-4308-BE6A-6AA1EF06A068}.Release|Any CPU.Build.0 = Release|Any CPU
		{2705F4D2-D0F1-4D58-A325-DDFDF38DC630}.Debug|Any CPU.ActiveCfg = Debug|Any CPU
		{2705F4D2-D0F1-4D58-A325-DDFDF38DC630}.Debug|Any CPU.Build.0 = Debug|Any CPU
		{2705F4D2-D0F1-4D58-A325-DDFDF38DC630}.Release|Any CPU.ActiveCfg = Release|Any CPU
		{2705F4D2-D0F1-4D58-A325-DDFDF38DC630}.Release|Any CPU.Build.0 = Release|Any CPU
		{E28F34C3-CDAD-4B37-B814-F36D66CFDA7A}.Debug|Any CPU.ActiveCfg = Debug|Any CPU
		{E28F34C3-CDAD-4B37-B814-F36D66CFDA7A}.Debug|Any CPU.Build.0 = Debug|Any CPU
		{E28F34C3-CDAD-4B37-B814-F36D66CFDA7A}.Release|Any CPU.ActiveCfg = Release|Any CPU
		{E28F34C3-CDAD-4B37-B814-F36D66CFDA7A}.Release|Any CPU.Build.0 = Release|Any CPU
		{0F0E691B-BC01-4572-9A77-E83F7B82311D}.Debug|Any CPU.ActiveCfg = Debug|Any CPU
		{0F0E691B-BC01-4572-9A77-E83F7B82311D}.Debug|Any CPU.Build.0 = Debug|Any CPU
		{0F0E691B-BC01-4572-9A77-E83F7B82311D}.Release|Any CPU.ActiveCfg = Release|Any CPU
		{0F0E691B-BC01-4572-9A77-E83F7B82311D}.Release|Any CPU.Build.0 = Release|Any CPU
		{03DEBF65-B7C8-4A2A-BC65-6B3AAC4C62EF}.Debug|Any CPU.ActiveCfg = Debug|Any CPU
		{03DEBF65-B7C8-4A2A-BC65-6B3AAC4C62EF}.Debug|Any CPU.Build.0 = Debug|Any CPU
		{03DEBF65-B7C8-4A2A-BC65-6B3AAC4C62EF}.Release|Any CPU.ActiveCfg = Release|Any CPU
		{03DEBF65-B7C8-4A2A-BC65-6B3AAC4C62EF}.Release|Any CPU.Build.0 = Release|Any CPU
		{DCDE9DDC-F23D-4C4F-9E09-4236F4B350C6}.Debug|Any CPU.ActiveCfg = Debug|Any CPU
		{DCDE9DDC-F23D-4C4F-9E09-4236F4B350C6}.Debug|Any CPU.Build.0 = Debug|Any CPU
		{DCDE9DDC-F23D-4C4F-9E09-4236F4B350C6}.Release|Any CPU.ActiveCfg = Release|Any CPU
		{DCDE9DDC-F23D-4C4F-9E09-4236F4B350C6}.Release|Any CPU.Build.0 = Release|Any CPU
		{08BEAE0B-0FEF-4D03-BD55-9FAC1D5D507B}.Debug|Any CPU.ActiveCfg = Debug|Any CPU
		{08BEAE0B-0FEF-4D03-BD55-9FAC1D5D507B}.Debug|Any CPU.Build.0 = Debug|Any CPU
		{08BEAE0B-0FEF-4D03-BD55-9FAC1D5D507B}.Release|Any CPU.ActiveCfg = Release|Any CPU
		{08BEAE0B-0FEF-4D03-BD55-9FAC1D5D507B}.Release|Any CPU.Build.0 = Release|Any CPU
		{0C74B02A-1963-44E8-9AA6-9F3CDFF7BD3D}.Debug|Any CPU.ActiveCfg = Debug|Any CPU
		{0C74B02A-1963-44E8-9AA6-9F3CDFF7BD3D}.Debug|Any CPU.Build.0 = Debug|Any CPU
		{0C74B02A-1963-44E8-9AA6-9F3CDFF7BD3D}.Release|Any CPU.ActiveCfg = Release|Any CPU
		{0C74B02A-1963-44E8-9AA6-9F3CDFF7BD3D}.Release|Any CPU.Build.0 = Release|Any CPU
		{4A8ADF9F-EB39-4B97-82CC-DF2A8577FC30}.Debug|Any CPU.ActiveCfg = Debug|Any CPU
		{4A8ADF9F-EB39-4B97-82CC-DF2A8577FC30}.Debug|Any CPU.Build.0 = Debug|Any CPU
		{4A8ADF9F-EB39-4B97-82CC-DF2A8577FC30}.Release|Any CPU.ActiveCfg = Release|Any CPU
		{4A8ADF9F-EB39-4B97-82CC-DF2A8577FC30}.Release|Any CPU.Build.0 = Release|Any CPU
		{190067C1-5A0B-4D82-ABB3-03ADF8AB5A01}.Debug|Any CPU.ActiveCfg = Debug|Any CPU
		{190067C1-5A0B-4D82-ABB3-03ADF8AB5A01}.Debug|Any CPU.Build.0 = Debug|Any CPU
		{190067C1-5A0B-4D82-ABB3-03ADF8AB5A01}.Release|Any CPU.ActiveCfg = Release|Any CPU
		{190067C1-5A0B-4D82-ABB3-03ADF8AB5A01}.Release|Any CPU.Build.0 = Release|Any CPU
	EndGlobalSection
	GlobalSection(SolutionProperties) = preSolution
		HideSolutionNode = FALSE
	EndGlobalSection
	GlobalSection(ExtensibilityGlobals) = postSolution
		SolutionGuid = {F5C1DE6E-8D5A-46C5-B554-0E199AFE2B5D}
	EndGlobalSection
EndGlobal
